
Microsoft Visual Studio Solution File, Format Version 12.00
# Visual Studio Version 17
VisualStudioVersion = 17.9.34728.123
MinimumVisualStudioVersion = 10.0.40219.1
Project("{FAE04EC0-301F-11D3-BF4B-00C04F79EFBC}") = "Data_C2", "Data_C2.csproj", "{AA161198-6CBD-40AE-8CA2-02AA2A3C795F}"
EndProject
Global
	GlobalSection(SolutionConfigurationPlatforms) = preSolution
		Debug|Any CPU = Debug|Any CPU
		Release|Any CPU = Release|Any CPU
	EndGlobalSection
	GlobalSection(ProjectConfigurationPlatforms) = postSolution
		{AA161198-6CBD-40AE-8CA2-02AA2A3C795F}.Debug|Any CPU.ActiveCfg = Debug|Any CPU
		{AA161198-6CBD-40AE-8CA2-02AA2A3C795F}.Debug|Any CPU.Build.0 = Debug|Any CPU
		{AA161198-6CBD-40AE-8CA2-02AA2A3C795F}.Release|Any CPU.ActiveCfg = Release|Any CPU
		{AA161198-6CBD-40AE-8CA2-02AA2A3C795F}.Release|Any CPU.Build.0 = Release|Any CPU
	EndGlobalSection
	GlobalSection(SolutionProperties) = preSolution
		HideSolutionNode = FALSE
	EndGlobalSection
	GlobalSection(ExtensibilityGlobals) = postSolution
		SolutionGuid = {8F2CB02E-9896-4B13-A984-9756BDCE0944}
	EndGlobalSection
EndGlobal
